# gnode.lock: the source behind each versioned node type; commit it
nodes:
  nodes/assembly.py#assemble@1: 8aae880c538783eef899a8d3e5cbebe71002d87791d1795b1f0aa789c65874a1
  nodes/assembly.py#review@1: 2bc0ecdd12ae950ed06a9a678ccae2d5788d010a783934937d3417fc32e17c78
  nodes/calibration.py#subject@1: 52c73d228f326143c0df74f656694623c5f6023e1d471d515c78f6961e913af6
  nodes/parts.py#normalize@1: 0f1d4dbbd19a95633a530e50c6266a76604e29f21ec454ee042cc4b6603224d3
  nodes/parts.py#review@1: 2da97c130f3414f4f537f321da0c72973365fce727d13ff063961d4b79194fa5
  nodes/references.py#draw@1: 905df48a584823e4767d827788d58f40c58fe1ac5044e176016fe1e3e19bdd27
  nodes/references.py#review@1: 3f8485fe611a2e7e044fcb250b132001cb09914cf258dd2a193c2e7a2b13b6d6
  nodes/references.py#role_views@1: ec2668849078894177d7de9456ba1a3b08835dceac2e23e36a47b49d90c3b31e
  nodes/references.py#role_views@2: 6f1a69b5b6299171d1c9d41ffee371402fa39f50c0cbfec1334f675f8b7fa0c5
  nodes/result.py#result@1: 9f8d4fc4ba3525068ee615c19cb53bc0265e55d9abf77401d0ef9c49b16f410e
  nodes/rig.py#agent@1: f3598c0748345e886402464320087d42f29f4a7ce3e6c10c15235c4b03d278b2
  nodes/rig.py#finish@1: 2fc566eda59fe239741157d96135e62e414c55fefc5215f60f98fb6ab1e2f86e
  nodes/rig.py#review@1: af2ea7e534093bb3ee83d00ae136594f73262a34afcb73d10fc4f5716a78e9cd
  nodes/setup.py#setup@1: 58a3e8aade995efd0dae0e4d0bb7db90509654030ed906a6fa30b24c9eb87b1b
