# gnode.lock: the source behind each versioned node type; commit it
nodes:
  nodes/assembly.py#assemble@1: a34e6c62e011e5627de8ade020ec874bd8ee5867f79b65c40a7e9baacfada670
  nodes/assembly.py#review@1: 5aece031a004b387d3a0028c3d15648cadc1dd0cba1c3c8e7c31628922cc8c3b
  nodes/calibration.py#subject@1: 22268e03d6043ce62771c44c644ba32f33f5bdbb46b482e45734e14549f631d6
  nodes/parts.py#normalize@1: 678fd9f01cdb825759eda256ec35a971c3ed12e317dfec8550fd8251089e430b
  nodes/parts.py#review@1: 6a88beb109cda4fb2cdb01fe68fec4d3b91909481242b602db5ecba63c03d55d
  nodes/references.py#draw@1: 6cbd33d2749a7554a5842508ed7776b1626a01e745ca6898cd853449fdec3cc4
  nodes/references.py#review@1: 23825f7d5be559029c3a6cca08930d8ead61d6334016b96c59e3bb429c74b782
  nodes/references.py#role_views@1: ec2668849078894177d7de9456ba1a3b08835dceac2e23e36a47b49d90c3b31e
  nodes/references.py#role_views@2: 705cf93f3a3b22779f7550e396824ce464866f97b791dd9eb76d261a80eae9e0
  nodes/result.py#result@1: c67eed30e91fd4a48827dc1e6440d4244727caef9d5e1ad1ed5b59d91caa89de
  nodes/rig.py#agent@1: 95bde33b036705e43fef511b0d6cca1d89e149d9ec5bce789401a2d3f6105927
  nodes/rig.py#finish@1: ec1ef6c31ce394beb033628faa5565e71b3994831ce20dfb7024da31c91d6f19
  nodes/rig.py#review@1: af2ea7e534093bb3ee83d00ae136594f73262a34afcb73d10fc4f5716a78e9cd
  nodes/rig.py#review@2: 0041cb4123729342deb932fc6e002067c4efd37678bc939d5aa5c45a608e9825
  nodes/rig.py#review@3: b75e1bd4535ac2756ca65d991f1656b16c9c720b589f6cfa9503572a39108d92
  nodes/setup.py#setup@1: 58a3e8aade995efd0dae0e4d0bb7db90509654030ed906a6fa30b24c9eb87b1b
  nodes/setup.py#setup@2: 49e6be829eb00e5488c30230629f964a8d2899b7c1575f76aae9fddf15715a30
  nodes/setup.py#setup@3: 4a6d1b864ec54ba3832d5ef9b0d6f9fbcd660a577d6e65b1b77da8ae31c020c4
