# gnode.lock: the source behind each versioned node type; commit it
nodes:
  pipeline/nodes/actors.py#admit_concept@1: f052feac623100bd9d1af730d014c6b8b840aadb51f77a44e238891f9a2f4bb6
  pipeline/nodes/actors.py#admit_motion@1: f052feac623100bd9d1af730d014c6b8b840aadb51f77a44e238891f9a2f4bb6
  pipeline/nodes/actors.py#repack_motion@1: f052feac623100bd9d1af730d014c6b8b840aadb51f77a44e238891f9a2f4bb6
  pipeline/nodes/audio.py#admit_clip@1: b1f1cbdaffd574c7b255744148bd7ac709cf44535515826a4dfbb93165263547
  pipeline/nodes/audio.py#admit_line@1: b1f1cbdaffd574c7b255744148bd7ac709cf44535515826a4dfbb93165263547
  pipeline/nodes/audio.py#record_clip@1: b1f1cbdaffd574c7b255744148bd7ac709cf44535515826a4dfbb93165263547
  pipeline/nodes/audio.py#record_line@1: b1f1cbdaffd574c7b255744148bd7ac709cf44535515826a4dfbb93165263547
  pipeline/nodes/audio.py#republish_take@1: b1f1cbdaffd574c7b255744148bd7ac709cf44535515826a4dfbb93165263547
  pipeline/nodes/catalog.py#admit_catalog@1: ef24f223b1708b79913dd78e45d4f0b8fddf99e2cfbb9e35901bf348236a063e
  pipeline/nodes/catalog.py#publish_catalog@1: ef24f223b1708b79913dd78e45d4f0b8fddf99e2cfbb9e35901bf348236a063e
  pipeline/nodes/effects.py#admit_dust@1: f2a52fc90e54707f1a4a0c1c758e3daa315185f928a73ae4b1ce26be24d68285
  pipeline/nodes/effects.py#admit_plate@1: f2a52fc90e54707f1a4a0c1c758e3daa315185f928a73ae4b1ce26be24d68285
  pipeline/nodes/effects.py#canonicalize_dust@1: f2a52fc90e54707f1a4a0c1c758e3daa315185f928a73ae4b1ce26be24d68285
  pipeline/nodes/effects.py#canonicalize_plate@1: f2a52fc90e54707f1a4a0c1c758e3daa315185f928a73ae4b1ce26be24d68285
  pipeline/nodes/effects.py#draw_frame@1: f2a52fc90e54707f1a4a0c1c758e3daa315185f928a73ae4b1ce26be24d68285
  pipeline/nodes/effects.py#place_portrait@1: f2a52fc90e54707f1a4a0c1c758e3daa315185f928a73ae4b1ce26be24d68285
  pipeline/nodes/effects.py#review_schema@1: f2a52fc90e54707f1a4a0c1c758e3daa315185f928a73ae4b1ce26be24d68285
  pipeline/nodes/ground.py#admit_atlas@1: e2a7fc95f58aee2e0183c03f020de1680c4639ae66a84f01b8f1554782ed6177
  pipeline/nodes/ground.py#admit_structural@1: e2a7fc95f58aee2e0183c03f020de1680c4639ae66a84f01b8f1554782ed6177
  pipeline/nodes/ground.py#assemble_atlas@1: e2a7fc95f58aee2e0183c03f020de1680c4639ae66a84f01b8f1554782ed6177
  pipeline/nodes/ground.py#atlas_paint_target@1: e2a7fc95f58aee2e0183c03f020de1680c4639ae66a84f01b8f1554782ed6177
  pipeline/nodes/ground.py#canonicalize_structural@1: e2a7fc95f58aee2e0183c03f020de1680c4639ae66a84f01b8f1554782ed6177
  pipeline/nodes/ground.py#seam_bridge@1: e2a7fc95f58aee2e0183c03f020de1680c4639ae66a84f01b8f1554782ed6177
  pipeline/nodes/ground.py#structural_guide@1: e2a7fc95f58aee2e0183c03f020de1680c4639ae66a84f01b8f1554782ed6177
  pipeline/nodes/layers.py#admit_layer@1: ffe5b136e2893d824976a4dc0c5b15478bc59e35829bbdde375b4e013824f21f
  pipeline/nodes/layers.py#loop_layer@1: ffe5b136e2893d824976a4dc0c5b15478bc59e35829bbdde375b4e013824f21f
  pipeline/nodes/layers.py#publish_layer@1: ffe5b136e2893d824976a4dc0c5b15478bc59e35829bbdde375b4e013824f21f
  pipeline/nodes/layers.py#repaint_loop_layer@1: ffe5b136e2893d824976a4dc0c5b15478bc59e35829bbdde375b4e013824f21f
  pipeline/nodes/package.py#assemble_package@1: 97a92c0605a4659cccd376b7cb3d734ba71e9942094202a3651bd608fb820037
  pipeline/nodes/rebase.py#rebase_admit@1: c583d9ccd66e62e200eadd5a7eb532b6a090cd6d956185de75e87e4a98e5b14b
  pipeline/nodes/rebase.py#rebase_plate@1: c583d9ccd66e62e200eadd5a7eb532b6a090cd6d956185de75e87e4a98e5b14b
  pipeline/nodes/rebase.py#rebase_record@1: c583d9ccd66e62e200eadd5a7eb532b6a090cd6d956185de75e87e4a98e5b14b
  pipeline/nodes/rebase.py#rebase_schema@1: c583d9ccd66e62e200eadd5a7eb532b6a090cd6d956185de75e87e4a98e5b14b
  pipeline/nodes/rebase.py#rebase_verify_admit@1: c583d9ccd66e62e200eadd5a7eb532b6a090cd6d956185de75e87e4a98e5b14b
  pipeline/nodes/rebase.py#rebase_verify_plate@1: c583d9ccd66e62e200eadd5a7eb532b6a090cd6d956185de75e87e4a98e5b14b
  pipeline/nodes/rebase.py#rebase_verify_record@1: c583d9ccd66e62e200eadd5a7eb532b6a090cd6d956185de75e87e4a98e5b14b
  pipeline/nodes/soundtrack.py#admit_track@1: a7007c629afa550ce211eed23631dd87ddb8d5ebe4fb0b6d302ecaff34873c7d
  pipeline/nodes/soundtrack.py#record_track@1: a7007c629afa550ce211eed23631dd87ddb8d5ebe4fb0b6d302ecaff34873c7d
