# gnode.lock: the source behind each versioned node type; commit it
nodes:
  pipeline/nodes/actors.py#admit_concept@1: 30275f09e83c8bdb7b0d8dfdb20ada4d10f2b415ca5d3b134c6d886e30de377e
  pipeline/nodes/actors.py#admit_motion@1: 30275f09e83c8bdb7b0d8dfdb20ada4d10f2b415ca5d3b134c6d886e30de377e
  pipeline/nodes/actors.py#repack_motion@1: 30275f09e83c8bdb7b0d8dfdb20ada4d10f2b415ca5d3b134c6d886e30de377e
  pipeline/nodes/audio.py#admit_clip@1: 57f8460c547ae8ce0fcb660c802bdc8fd7e3868ab5b23708d46c03a98c91bf49
  pipeline/nodes/audio.py#admit_line@1: 57f8460c547ae8ce0fcb660c802bdc8fd7e3868ab5b23708d46c03a98c91bf49
  pipeline/nodes/audio.py#record_clip@1: 57f8460c547ae8ce0fcb660c802bdc8fd7e3868ab5b23708d46c03a98c91bf49
  pipeline/nodes/audio.py#record_line@1: 57f8460c547ae8ce0fcb660c802bdc8fd7e3868ab5b23708d46c03a98c91bf49
  pipeline/nodes/audio.py#republish_take@1: 57f8460c547ae8ce0fcb660c802bdc8fd7e3868ab5b23708d46c03a98c91bf49
  pipeline/nodes/catalog.py#admit_catalog@1: 718cd8a2cd8b7e76cc0335f5e426ac1e877702c280f03fb8fcf159f6fd633611
  pipeline/nodes/catalog.py#publish_catalog@1: 718cd8a2cd8b7e76cc0335f5e426ac1e877702c280f03fb8fcf159f6fd633611
  pipeline/nodes/effects.py#admit_dust@1: f2a52fc90e54707f1a4a0c1c758e3daa315185f928a73ae4b1ce26be24d68285
  pipeline/nodes/effects.py#admit_plate@1: f2a52fc90e54707f1a4a0c1c758e3daa315185f928a73ae4b1ce26be24d68285
  pipeline/nodes/effects.py#canonicalize_dust@1: f2a52fc90e54707f1a4a0c1c758e3daa315185f928a73ae4b1ce26be24d68285
  pipeline/nodes/effects.py#canonicalize_plate@1: f2a52fc90e54707f1a4a0c1c758e3daa315185f928a73ae4b1ce26be24d68285
  pipeline/nodes/effects.py#draw_frame@1: f2a52fc90e54707f1a4a0c1c758e3daa315185f928a73ae4b1ce26be24d68285
  pipeline/nodes/effects.py#place_portrait@1: f2a52fc90e54707f1a4a0c1c758e3daa315185f928a73ae4b1ce26be24d68285
  pipeline/nodes/effects.py#review_schema@1: f2a52fc90e54707f1a4a0c1c758e3daa315185f928a73ae4b1ce26be24d68285
  pipeline/nodes/ground.py#admit_atlas@1: 8ade4209b526c9b98a3cf0d67c8b986aac22b135ea35e85fa844ef375f1aa55b
  pipeline/nodes/ground.py#admit_structural@1: 8ade4209b526c9b98a3cf0d67c8b986aac22b135ea35e85fa844ef375f1aa55b
  pipeline/nodes/ground.py#assemble_atlas@1: 8ade4209b526c9b98a3cf0d67c8b986aac22b135ea35e85fa844ef375f1aa55b
  pipeline/nodes/ground.py#atlas_paint_target@1: 8ade4209b526c9b98a3cf0d67c8b986aac22b135ea35e85fa844ef375f1aa55b
  pipeline/nodes/ground.py#canonicalize_structural@1: 8ade4209b526c9b98a3cf0d67c8b986aac22b135ea35e85fa844ef375f1aa55b
  pipeline/nodes/ground.py#seam_bridge@1: 8ade4209b526c9b98a3cf0d67c8b986aac22b135ea35e85fa844ef375f1aa55b
  pipeline/nodes/ground.py#structural_guide@1: 8ade4209b526c9b98a3cf0d67c8b986aac22b135ea35e85fa844ef375f1aa55b
  pipeline/nodes/layers.py#admit_layer@1: 66c61af9b1309fad65b111c6e0f7d052e284af96fcc4d459b30e48c0acec9335
  pipeline/nodes/layers.py#loop_layer@1: 66c61af9b1309fad65b111c6e0f7d052e284af96fcc4d459b30e48c0acec9335
  pipeline/nodes/layers.py#publish_layer@1: 66c61af9b1309fad65b111c6e0f7d052e284af96fcc4d459b30e48c0acec9335
  pipeline/nodes/layers.py#repaint_loop_layer@1: 66c61af9b1309fad65b111c6e0f7d052e284af96fcc4d459b30e48c0acec9335
  pipeline/nodes/package.py#assemble_package@1: 97a92c0605a4659cccd376b7cb3d734ba71e9942094202a3651bd608fb820037
  pipeline/nodes/rebase.py#rebase_admit@1: 9dc82b0ef75b92132501f7a8550fea3f941346666e92829f351d5d1feb3b5d47
  pipeline/nodes/rebase.py#rebase_plate@1: 9dc82b0ef75b92132501f7a8550fea3f941346666e92829f351d5d1feb3b5d47
  pipeline/nodes/rebase.py#rebase_record@1: 9dc82b0ef75b92132501f7a8550fea3f941346666e92829f351d5d1feb3b5d47
  pipeline/nodes/rebase.py#rebase_schema@1: 9dc82b0ef75b92132501f7a8550fea3f941346666e92829f351d5d1feb3b5d47
  pipeline/nodes/rebase.py#rebase_verify_admit@1: 9dc82b0ef75b92132501f7a8550fea3f941346666e92829f351d5d1feb3b5d47
  pipeline/nodes/rebase.py#rebase_verify_plate@1: 9dc82b0ef75b92132501f7a8550fea3f941346666e92829f351d5d1feb3b5d47
  pipeline/nodes/rebase.py#rebase_verify_record@1: 9dc82b0ef75b92132501f7a8550fea3f941346666e92829f351d5d1feb3b5d47
  pipeline/nodes/soundtrack.py#admit_track@1: c9706efd507821ef50e8dd0ce676d115cfb1c90301848bb7737310dc9e02a0b4
  pipeline/nodes/soundtrack.py#record_track@1: c9706efd507821ef50e8dd0ce676d115cfb1c90301848bb7737310dc9e02a0b4
