# gnode.lock: the source behind each versioned node type; commit it
nodes:
  pipeline/nodes/actors.py#publish_rebase@1: 6620551a31794cf209b89bead271ae4c8d74f370917836a87e07f6a1718702ea
  pipeline/nodes/actors.py#rebase_admit@1: 6620551a31794cf209b89bead271ae4c8d74f370917836a87e07f6a1718702ea
  pipeline/nodes/actors.py#rebase_plate@1: 6620551a31794cf209b89bead271ae4c8d74f370917836a87e07f6a1718702ea
  pipeline/nodes/actors.py#rebase_record@1: 6620551a31794cf209b89bead271ae4c8d74f370917836a87e07f6a1718702ea
  pipeline/nodes/actors.py#rebase_schema@1: 6620551a31794cf209b89bead271ae4c8d74f370917836a87e07f6a1718702ea
  pipeline/nodes/actors.py#rebase_verify_admit@1: 6620551a31794cf209b89bead271ae4c8d74f370917836a87e07f6a1718702ea
  pipeline/nodes/actors.py#rebase_verify_plate@1: 6620551a31794cf209b89bead271ae4c8d74f370917836a87e07f6a1718702ea
  pipeline/nodes/actors.py#rebase_verify_record@1: 6620551a31794cf209b89bead271ae4c8d74f370917836a87e07f6a1718702ea
  pipeline/nodes/audio.py#admit_audio@1: 3439c794f1b8a57671ecfcb9c05ad9af21fea978c7a7cc16b73b23b40fe2577e
  pipeline/nodes/audio.py#adopt_audio@1: 3439c794f1b8a57671ecfcb9c05ad9af21fea978c7a7cc16b73b23b40fe2577e
  pipeline/nodes/audio.py#publish_audio@1: 3439c794f1b8a57671ecfcb9c05ad9af21fea978c7a7cc16b73b23b40fe2577e
  pipeline/nodes/interface.py#admit_ui_sheet@1: 960187d97fa2a0660a5eaee775203f7552b31f659fc0daca0994c3f2a099876b
  pipeline/nodes/interface.py#publish_ui_sheet@1: 960187d97fa2a0660a5eaee775203f7552b31f659fc0daca0994c3f2a099876b
  pipeline/nodes/interface.py#ui_review_schema@1: 960187d97fa2a0660a5eaee775203f7552b31f659fc0daca0994c3f2a099876b
  pipeline/nodes/interface.py#ui_template@1: 960187d97fa2a0660a5eaee775203f7552b31f659fc0daca0994c3f2a099876b
  pipeline/nodes/pictures.py#admit_picture@1: 78a1210a81a5262ee832a57409f574155773df13bec77d7fe6cb961b0f96025f
  pipeline/nodes/pictures.py#adopt_picture@1: 78a1210a81a5262ee832a57409f574155773df13bec77d7fe6cb961b0f96025f
  pipeline/nodes/pictures.py#cut_look@1: 78a1210a81a5262ee832a57409f574155773df13bec77d7fe6cb961b0f96025f
  pipeline/nodes/pictures.py#finish_picture@1: 78a1210a81a5262ee832a57409f574155773df13bec77d7fe6cb961b0f96025f
  pipeline/nodes/pictures.py#lattice_template@1: 78a1210a81a5262ee832a57409f574155773df13bec77d7fe6cb961b0f96025f
  pipeline/nodes/pictures.py#lay_sheet@1: 78a1210a81a5262ee832a57409f574155773df13bec77d7fe6cb961b0f96025f
  pipeline/nodes/props.py#place_anchor@1: 677acb5a7c7d09eaee36497af4963200b2df4138f0b18c0932786f8d11406a40
  pipeline/nodes/reviews.py#admit_review@1: e51bde0e5ada6a32cab6132aedfa20a9e30a7c4cfa9a544c763216f1b175128b
  pipeline/nodes/reviews.py#review_record@1: e51bde0e5ada6a32cab6132aedfa20a9e30a7c4cfa9a544c763216f1b175128b
  pipeline/nodes/reviews.py#review_schema@1: e51bde0e5ada6a32cab6132aedfa20a9e30a7c4cfa9a544c763216f1b175128b
  pipeline/nodes/reviews.py#review_sheet@1: e51bde0e5ada6a32cab6132aedfa20a9e30a7c4cfa9a544c763216f1b175128b
  pipeline/nodes/shell.py#admit_clip@1: fbf1066b346f37c89aba379a6fb94543193680875899726b5ded2aedfa0cb7b5
  pipeline/nodes/shell.py#admit_shell_plate@1: fbf1066b346f37c89aba379a6fb94543193680875899726b5ded2aedfa0cb7b5
  pipeline/nodes/shell.py#admit_shell_review@1: fbf1066b346f37c89aba379a6fb94543193680875899726b5ded2aedfa0cb7b5
  pipeline/nodes/shell.py#adopt_clip@1: fbf1066b346f37c89aba379a6fb94543193680875899726b5ded2aedfa0cb7b5
  pipeline/nodes/shell.py#clip_record@1: fbf1066b346f37c89aba379a6fb94543193680875899726b5ded2aedfa0cb7b5
  pipeline/nodes/shell.py#measure_ending@1: fbf1066b346f37c89aba379a6fb94543193680875899726b5ded2aedfa0cb7b5
  pipeline/nodes/shell.py#publish_clip@1: fbf1066b346f37c89aba379a6fb94543193680875899726b5ded2aedfa0cb7b5
  pipeline/nodes/shell.py#publish_shell_plate@1: fbf1066b346f37c89aba379a6fb94543193680875899726b5ded2aedfa0cb7b5
  pipeline/nodes/shell.py#publish_typeface@1: fbf1066b346f37c89aba379a6fb94543193680875899726b5ded2aedfa0cb7b5
  pipeline/nodes/shell.py#shell_review_brief@1: fbf1066b346f37c89aba379a6fb94543193680875899726b5ded2aedfa0cb7b5
  pipeline/nodes/shell.py#shell_review_record@1: fbf1066b346f37c89aba379a6fb94543193680875899726b5ded2aedfa0cb7b5
  pipeline/nodes/shell.py#shell_review_schema@1: fbf1066b346f37c89aba379a6fb94543193680875899726b5ded2aedfa0cb7b5
  pipeline/nodes/world.py#package_manifest@1: 7900cdf7fe982f602a0ad96779b2c048dbde8b9cb992177bc8c8a59109c0fd35
  pipeline/nodes/world.py#world_layout@1: 7900cdf7fe982f602a0ad96779b2c048dbde8b9cb992177bc8c8a59109c0fd35
