# gnode.lock: the source behind each versioned node type; commit it
nodes:
  pipeline/nodes/actors.py#publish_rebase@1: 6620551a31794cf209b89bead271ae4c8d74f370917836a87e07f6a1718702ea
  pipeline/nodes/actors.py#rebase_admit@1: 6620551a31794cf209b89bead271ae4c8d74f370917836a87e07f6a1718702ea
  pipeline/nodes/actors.py#rebase_plate@1: 6620551a31794cf209b89bead271ae4c8d74f370917836a87e07f6a1718702ea
  pipeline/nodes/actors.py#rebase_record@1: 6620551a31794cf209b89bead271ae4c8d74f370917836a87e07f6a1718702ea
  pipeline/nodes/actors.py#rebase_schema@1: 6620551a31794cf209b89bead271ae4c8d74f370917836a87e07f6a1718702ea
  pipeline/nodes/actors.py#rebase_verify_admit@1: 6620551a31794cf209b89bead271ae4c8d74f370917836a87e07f6a1718702ea
  pipeline/nodes/actors.py#rebase_verify_plate@1: 6620551a31794cf209b89bead271ae4c8d74f370917836a87e07f6a1718702ea
  pipeline/nodes/actors.py#rebase_verify_record@1: 6620551a31794cf209b89bead271ae4c8d74f370917836a87e07f6a1718702ea
  pipeline/nodes/audio.py#admit_audio@1: f39668120f7228b62a82d25049296b743e4a088578b1c192a325544261f574e5
  pipeline/nodes/audio.py#adopt_audio@1: f39668120f7228b62a82d25049296b743e4a088578b1c192a325544261f574e5
  pipeline/nodes/audio.py#publish_audio@1: f39668120f7228b62a82d25049296b743e4a088578b1c192a325544261f574e5
  pipeline/nodes/interface.py#admit_ui_sheet@1: 12889eaf1196846e8e7a1688fce6de08046d2b4099192aa2010005907a655496
  pipeline/nodes/interface.py#publish_ui_sheet@1: 12889eaf1196846e8e7a1688fce6de08046d2b4099192aa2010005907a655496
  pipeline/nodes/interface.py#ui_review_schema@1: 12889eaf1196846e8e7a1688fce6de08046d2b4099192aa2010005907a655496
  pipeline/nodes/interface.py#ui_template@1: 12889eaf1196846e8e7a1688fce6de08046d2b4099192aa2010005907a655496
  pipeline/nodes/pictures.py#admit_picture@1: fa6d99d452201d79629cff86966367cdd43c50edef801ad462d86b2760764f64
  pipeline/nodes/pictures.py#adopt_picture@1: fa6d99d452201d79629cff86966367cdd43c50edef801ad462d86b2760764f64
  pipeline/nodes/pictures.py#cut_look@1: fa6d99d452201d79629cff86966367cdd43c50edef801ad462d86b2760764f64
  pipeline/nodes/pictures.py#finish_picture@1: fa6d99d452201d79629cff86966367cdd43c50edef801ad462d86b2760764f64
  pipeline/nodes/pictures.py#lattice_template@1: fa6d99d452201d79629cff86966367cdd43c50edef801ad462d86b2760764f64
  pipeline/nodes/pictures.py#lay_sheet@1: fa6d99d452201d79629cff86966367cdd43c50edef801ad462d86b2760764f64
  pipeline/nodes/props.py#place_anchor@1: 615a088ced4d5efea478dafaebd1cad134995b749c4a1c7df35d8875dec01d0b
  pipeline/nodes/reviews.py#admit_review@1: 597dbc7212e94809acd5b206d64b8ed9f74ffe8401b468e8e84b87af6af34302
  pipeline/nodes/reviews.py#review_record@1: 597dbc7212e94809acd5b206d64b8ed9f74ffe8401b468e8e84b87af6af34302
  pipeline/nodes/reviews.py#review_schema@1: 597dbc7212e94809acd5b206d64b8ed9f74ffe8401b468e8e84b87af6af34302
  pipeline/nodes/reviews.py#review_sheet@1: 597dbc7212e94809acd5b206d64b8ed9f74ffe8401b468e8e84b87af6af34302
  pipeline/nodes/shell.py#admit_clip@1: fbf1066b346f37c89aba379a6fb94543193680875899726b5ded2aedfa0cb7b5
  pipeline/nodes/shell.py#admit_shell_plate@1: fbf1066b346f37c89aba379a6fb94543193680875899726b5ded2aedfa0cb7b5
  pipeline/nodes/shell.py#admit_shell_review@1: fbf1066b346f37c89aba379a6fb94543193680875899726b5ded2aedfa0cb7b5
  pipeline/nodes/shell.py#adopt_clip@1: fbf1066b346f37c89aba379a6fb94543193680875899726b5ded2aedfa0cb7b5
  pipeline/nodes/shell.py#clip_record@1: fbf1066b346f37c89aba379a6fb94543193680875899726b5ded2aedfa0cb7b5
  pipeline/nodes/shell.py#measure_ending@1: fbf1066b346f37c89aba379a6fb94543193680875899726b5ded2aedfa0cb7b5
  pipeline/nodes/shell.py#publish_clip@1: fbf1066b346f37c89aba379a6fb94543193680875899726b5ded2aedfa0cb7b5
  pipeline/nodes/shell.py#publish_shell_plate@1: fbf1066b346f37c89aba379a6fb94543193680875899726b5ded2aedfa0cb7b5
  pipeline/nodes/shell.py#publish_typeface@1: fbf1066b346f37c89aba379a6fb94543193680875899726b5ded2aedfa0cb7b5
  pipeline/nodes/shell.py#shell_review_brief@1: fbf1066b346f37c89aba379a6fb94543193680875899726b5ded2aedfa0cb7b5
  pipeline/nodes/shell.py#shell_review_record@1: fbf1066b346f37c89aba379a6fb94543193680875899726b5ded2aedfa0cb7b5
  pipeline/nodes/shell.py#shell_review_schema@1: fbf1066b346f37c89aba379a6fb94543193680875899726b5ded2aedfa0cb7b5
  pipeline/nodes/world.py#package_manifest@1: c40802c71c489176da69328007452fe41b63a70860a782d7090d0a814dec8ed9
  pipeline/nodes/world.py#world_layout@1: c40802c71c489176da69328007452fe41b63a70860a782d7090d0a814dec8ed9
